
Microsoft Visual Studio Solution File, Format Version 11.00
# Visual Web Developer Express 2010
Project("{00000000-0000-0000-0000-000000000000}") = "SkinTweaker", "SkinTweaker.vbproj", "{0E78B8C7-45F4-4D71-88FB-376976A44034}"
EndProject
Global
	GlobalSection(SolutionConfigurationPlatforms) = preSolution
		Debug|Any CPU = Debug|Any CPU
		Release|Any CPU = Release|Any CPU
	EndGlobalSection
	GlobalSection(ProjectConfigurationPlatforms) = postSolution
		{0E78B8C7-45F4-4D71-88FB-376976A44034}.Debug|Any CPU.ActiveCfg = Debug|Any CPU
		{0E78B8C7-45F4-4D71-88FB-376976A44034}.Debug|Any CPU.Build.0 = Debug|Any CPU
		{0E78B8C7-45F4-4D71-88FB-376976A44034}.Release|Any CPU.ActiveCfg = Release|Any CPU
		{0E78B8C7-45F4-4D71-88FB-376976A44034}.Release|Any CPU.Build.0 = Release|Any CPU
	EndGlobalSection
	GlobalSection(SolutionProperties) = preSolution
		HideSolutionNode = FALSE
	EndGlobalSection
EndGlobal
